{
  "pins" : [
    {
      "identity" : "bariloche",
      "kind" : "remoteSourceControl",
      "location" : "https://github.com/Subito-it/Bariloche",
      "state" : {
        "branch" : "master",
        "revision" : "cf832fc53f6d003e9017df08e12b972a097bb015"
      }
    },
    {
      "identity" : "cachikit",
      "kind" : "remoteSourceControl",
      "location" : "https://github.com/Subito-it/CachiKit",
      "state" : {
        "branch" : "master",
        "revision" : "ed675245ac943c7c244372461bd6d0eb14fb8356"
      }
    },
    {
      "identity" : "http",
      "kind" : "remoteSourceControl",
      "location" : "https://github.com/tcamin/http.git",
      "state" : {
        "branch" : "master",
        "revision" : "2fe2804c8ce62a42e77d5d1fe9b88ddc3c7cf9e9"
      }
    },
    {
      "identity" : "jjliso8601dateformatter",
      "kind" : "remoteSourceControl",
      "location" : "https://github.com/michaeleisel/JJLISO8601DateFormatter",
      "state" : {
        "revision" : "de422afd9a47b72703c30a81423c478337191390",
        "version" : "0.1.6"
      }
    },
    {
      "identity" : "rainbow",
      "kind" : "remoteSourceControl",
      "location" : "https://github.com/onevcat/Rainbow",
      "state" : {
        "revision" : "626c3d4b6b55354b4af3aa309f998fae9b31a3d9",
        "version" : "3.2.0"
      }
    },
    {
      "identity" : "shellout",
      "kind" : "remoteSourceControl",
      "location" : "https://github.com/tcamin/ShellOut.git",
      "state" : {
        "branch" : "master",
        "revision" : "17a96271bdeb491856453c20730d1dfe3b1545a4"
      }
    },
    {
      "identity" : "swift-atomics",
      "kind" : "remoteSourceControl",
      "location" : "https://github.com/apple/swift-atomics.git",
      "state" : {
        "revision" : "ff3d2212b6b093db7f177d0855adbc4ef9c5f036",
        "version" : "1.0.3"
      }
    },
    {
      "identity" : "swift-log",
      "kind" : "remoteSourceControl",
      "location" : "https://github.com/apple/swift-log.git",
      "state" : {
        "branch" : "main",
        "revision" : "6763fd0b73a46aa02f59fb61a0a05986b62c9f6a"
      }
    },
    {
      "identity" : "swift-nio",
      "kind" : "remoteSourceControl",
      "location" : "https://github.com/apple/swift-nio.git",
      "state" : {
        "revision" : "124119f0bb12384cef35aa041d7c3a686108722d",
        "version" : "2.40.0"
      }
    },
    {
      "identity" : "swift-nio-extras",
      "kind" : "remoteSourceControl",
      "location" : "https://github.com/apple/swift-nio-extras.git",
      "state" : {
        "revision" : "6c84d247754ad77487a6f0694273b89b83efd056",
        "version" : "1.14.0"
      }
    },
    {
      "identity" : "swift-nio-http2",
      "kind" : "remoteSourceControl",
      "location" : "https://github.com/apple/swift-nio-http2.git",
      "state" : {
        "revision" : "d6656967f33ed8b368b38e4b198631fc7c484a40",
        "version" : "1.23.1"
      }
    },
    {
      "identity" : "swift-nio-ssl",
      "kind" : "remoteSourceControl",
      "location" : "https://github.com/apple/swift-nio-ssl.git",
      "state" : {
        "revision" : "0265283d3539ced108b9b8287eb3328c9d85acdc",
        "version" : "2.21.0"
      }
    },
    {
      "identity" : "vaux",
      "kind" : "remoteSourceControl",
      "location" : "https://github.com/tcamin/Vaux",
      "state" : {
        "branch" : "cachi",
        "revision" : "183c93bffaea43feb2f4750645b9a466dc159aaa"
      }
    },
    {
      "identity" : "zippyjson",
      "kind" : "remoteSourceControl",
      "location" : "https://github.com/michaeleisel/ZippyJSON",
      "state" : {
        "branch" : "master",
        "revision" : "3a80ab6a4bfdf36f3b87d732ece6f598c02262d0"
      }
    },
    {
      "identity" : "zippyjsoncfamily",
      "kind" : "remoteSourceControl",
      "location" : "https://github.com/michaeleisel/ZippyJSONCFamily",
      "state" : {
        "revision" : "8abdd7a5e943afe68e7b03fdaa63b21c042a3893",
        "version" : "1.2.9"
      }
    }
  ],
  "version" : 2
}
