{
  "object": {
    "pins": [
      {
        "package": "Bariloche",
        "repositoryURL": "https://github.com/Subito-it/Bariloche",
        "state": {
          "branch": "master",
          "revision": "507f4121d2a7479522908dabf83aed78a6e5e268",
          "version": null
        }
      },
      {
        "package": "CachiKit",
        "repositoryURL": "https://github.com/Subito-it/CachiKit",
        "state": {
          "branch": "master",
          "revision": "471f1320f77e38c51953dd51e5a31f54bd087b51",
          "version": null
        }
      },
      {
        "package": "http-kit",
        "repositoryURL": "https://github.com/tcamin/http.git",
        "state": {
          "branch": "master",
          "revision": "756f380b928d625e21701a4d4a199d8117f2271d",
          "version": null
        }
      },
      {
        "package": "Rainbow",
        "repositoryURL": "https://github.com/onevcat/Rainbow",
        "state": {
          "branch": null,
          "revision": "626c3d4b6b55354b4af3aa309f998fae9b31a3d9",
          "version": "3.2.0"
        }
      },
      {
        "package": "ShellOut",
        "repositoryURL": "https://github.com/tcamin/ShellOut.git",
        "state": {
          "branch": "master",
          "revision": "93b2ab645196d77d1142b80d3da2edc86905df8f",
          "version": null
        }
      },
      {
        "package": "swift-log",
        "repositoryURL": "https://github.com/apple/swift-log.git",
        "state": {
          "branch": "main",
          "revision": "974b90e00838f81741da77411f822d24fdba1120",
          "version": null
        }
      },
      {
        "package": "swift-nio",
        "repositoryURL": "https://github.com/apple/swift-nio.git",
        "state": {
          "branch": null,
          "revision": "43931b7a7daf8120a487601530c8bc03ce711992",
          "version": "2.25.1"
        }
      },
      {
        "package": "swift-nio-extras",
        "repositoryURL": "https://github.com/apple/swift-nio-extras.git",
        "state": {
          "branch": null,
          "revision": "e5b5d191a80667a14827bfeb0ae4a511f7677942",
          "version": "1.7.0"
        }
      },
      {
        "package": "swift-nio-http2",
        "repositoryURL": "https://github.com/apple/swift-nio-http2.git",
        "state": {
          "branch": null,
          "revision": "d4060ac4d056a48d946298f04968f6f6080cc618",
          "version": "1.16.2"
        }
      },
      {
        "package": "swift-nio-ssl",
        "repositoryURL": "https://github.com/apple/swift-nio-ssl.git",
        "state": {
          "branch": null,
          "revision": "62bf5083df970e67c886210fa5b857eacf044b7c",
          "version": "2.10.2"
        }
      },
      {
        "package": "Vaux",
        "repositoryURL": "https://github.com/tcamin/Vaux",
        "state": {
          "branch": "cachi",
          "revision": "183c93bffaea43feb2f4750645b9a466dc159aaa",
          "version": null
        }
      }
    ]
  },
  "version": 1
}
