{
  "object": {
    "pins": [
      {
        "package": "Bariloche",
        "repositoryURL": "https://github.com/Subito-it/Bariloche",
        "state": {
          "branch": "master",
          "revision": "507f4121d2a7479522908dabf83aed78a6e5e268",
          "version": null
        }
      },
      {
        "package": "CachiKit",
        "repositoryURL": "https://github.com/Subito-it/CachiKit",
        "state": {
          "branch": "master",
          "revision": "2140eb7c0a3cac26d972a3f82b5892651ad4f265",
          "version": null
        }
      },
      {
        "package": "http-kit",
        "repositoryURL": "https://github.com/tcamin/http.git",
        "state": {
          "branch": "master",
          "revision": "756f380b928d625e21701a4d4a199d8117f2271d",
          "version": null
        }
      },
      {
        "package": "Rainbow",
        "repositoryURL": "https://github.com/onevcat/Rainbow",
        "state": {
          "branch": null,
          "revision": "626c3d4b6b55354b4af3aa309f998fae9b31a3d9",
          "version": "3.2.0"
        }
      },
      {
        "package": "ShellOut",
        "repositoryURL": "https://github.com/tcamin/ShellOut.git",
        "state": {
          "branch": "master",
          "revision": "17a96271bdeb491856453c20730d1dfe3b1545a4",
          "version": null
        }
      },
      {
        "package": "swift-log",
        "repositoryURL": "https://github.com/apple/swift-log.git",
        "state": {
          "branch": "main",
          "revision": "a7e6d7fef58b8909ec9463a492e257ab00d89a4b",
          "version": null
        }
      },
      {
        "package": "swift-nio",
        "repositoryURL": "https://github.com/apple/swift-nio.git",
        "state": {
          "branch": null,
          "revision": "f2705f9655ede35399b12040e892cf653126de98",
          "version": "2.32.2"
        }
      },
      {
        "package": "swift-nio-extras",
        "repositoryURL": "https://github.com/apple/swift-nio-extras.git",
        "state": {
          "branch": null,
          "revision": "f72c4688f89c28502105509186eadc49a49cb922",
          "version": "1.10.0"
        }
      },
      {
        "package": "swift-nio-http2",
        "repositoryURL": "https://github.com/apple/swift-nio-http2.git",
        "state": {
          "branch": null,
          "revision": "42bdcae4ac4913507a5ee7af963c559deb60d1fc",
          "version": "1.18.2"
        }
      },
      {
        "package": "swift-nio-ssl",
        "repositoryURL": "https://github.com/apple/swift-nio-ssl.git",
        "state": {
          "branch": null,
          "revision": "2e74773972bd6254c41ceeda827f229bccbf1c0f",
          "version": "2.15.0"
        }
      },
      {
        "package": "Vaux",
        "repositoryURL": "https://github.com/tcamin/Vaux",
        "state": {
          "branch": "cachi",
          "revision": "183c93bffaea43feb2f4750645b9a466dc159aaa",
          "version": null
        }
      }
    ]
  },
  "version": 1
}
